<Project xmlns="http://schemas.microsoft.com/developer/msbuild/2003">
    <PropertyGroup>
        <ProjectGuid>{3CC2BA5E-EBB1-4379-8146-29579AC24E7C}</ProjectGuid>
        <ProjectVersion>16.1</ProjectVersion>
        <FrameworkType>None</FrameworkType>
        <MainSource>Tests.dpr</MainSource>
        <Base>True</Base>
        <Config Condition="'$(Config)'==''">Debug</Config>
        <Platform Condition="'$(Platform)'==''">Win32</Platform>
        <TargetedPlatforms>1</TargetedPlatforms>
        <AppType>Console</AppType>
    </PropertyGroup>
    <PropertyGroup Condition="'$(Config)'=='Base' or '$(Base)'!=''">
        <Base>true</Base>
    </PropertyGroup>
    <PropertyGroup Condition="('$(Platform)'=='Win32' and '$(Base)'=='true') or '$(Base_Win32)'!=''">
        <Base_Win32>true</Base_Win32>
        <CfgParent>Base</CfgParent>
        <Base>true</Base>
    </PropertyGroup>
    <PropertyGroup Condition="('$(Platform)'=='Win64' and '$(Base)'=='true') or '$(Base_Win64)'!=''">
        <Base_Win64>true</Base_Win64>
        <CfgParent>Base</CfgParent>
        <Base>true</Base>
    </PropertyGroup>
    <PropertyGroup Condition="'$(Config)'=='Debug' or '$(Cfg_1)'!=''">
        <Cfg_1>true</Cfg_1>
        <CfgParent>Base</CfgParent>
        <Base>true</Base>
    </PropertyGroup>
    <PropertyGroup Condition="('$(Platform)'=='Win32' and '$(Cfg_1)'=='true') or '$(Cfg_1_Win32)'!=''">
        <Cfg_1_Win32>true</Cfg_1_Win32>
        <CfgParent>Cfg_1</CfgParent>
        <Cfg_1>true</Cfg_1>
        <Base>true</Base>
    </PropertyGroup>
    <PropertyGroup Condition="'$(Config)'=='Release' or '$(Cfg_2)'!=''">
        <Cfg_2>true</Cfg_2>
        <CfgParent>Base</CfgParent>
        <Base>true</Base>
    </PropertyGroup>
    <PropertyGroup Condition="'$(Base)'!=''">
        <SanitizedProjectName>Tests</SanitizedProjectName>
        <VerInfo_Keys>CompanyName=;FileDescription=;FileVersion=1.0.0.0;InternalName=;LegalCopyright=;LegalTrademarks=;OriginalFilename=;ProductName=;ProductVersion=1.0.0.0;Comments=</VerInfo_Keys>
        <DCC_MapFile>3</DCC_MapFile>
        <VerInfo_Locale>1046</VerInfo_Locale>
        <Manifest_File>None</Manifest_File>
        <DCC_Namespace>System;Xml;Data;Datasnap;Web;Soap;$(DCC_Namespace)</DCC_Namespace>
        <DCC_UnitSearchPath>..\;$(DUnitX);$(AURELIUS)\core;$(AURELIUS)\drivers;$(DCC_UnitSearchPath)</DCC_UnitSearchPath>
        <DCC_UsePackage>DBXInterBaseDriver;DataSnapServer;DataSnapCommon;DbxCommonDriver;dbxcds;CustomIPTransport;dsnap;IndyCore;IPIndyImpl;bindcompfmx;dbrtl;bindcomp;inetdb;xmlrtl;ibxpress;bindengine;soaprtl;aurelius;DBXInformixDriver;DBXFirebirdDriver;inet;DBXSybaseASADriver;dbexpress;fmx;IndySystem;DataSnapClient;DataSnapProviderClient;DBXOracleDriver;fmxase;inetdbxpress;rtl;DbxClientDriver;IndyProtocols;DBXMySQLDriver;fmxobj;fmxdae;DataSnapIndy10ServerTransport;$(DCC_UsePackage)</DCC_UsePackage>
        <Icon_MainIcon>$(BDS)\bin\delphi_PROJECTICON.ico</Icon_MainIcon>
        <DCC_DcuOutput>.\$(Platform)\$(Config)</DCC_DcuOutput>
    </PropertyGroup>
    <PropertyGroup Condition="'$(Base_Win32)'!=''">
        <DCC_Namespace>Winapi;System.Win;Data.Win;Datasnap.Win;Web.Win;Soap.Win;Xml.Win;Bde;$(DCC_Namespace)</DCC_Namespace>
        <VerInfo_Locale>1033</VerInfo_Locale>
        <DCC_UsePackage>fsADO16;dxTileControlRS16;cxLibraryRS16;dxSkinSevenRS16;RemObjects_WebBroker_D16;frxBDE16;dxSkinSummer2008RS16;dxPSCoreRS16;cxPivotGridOLAPRS16;dxPScxTLLnkRS16;dxPScxGridLnkRS16;dxPsPrVwAdvRS16;cxPageControlRS16;fsIBX16;dxSkinVS2010RS16;vclimg;dxSkinDevExpressStyleRS16;RemObjects_Indy_D16;fmi;dxSkinWhiteprintRS16;dxComnRS16;vcldb;dxSkinBlackRS16;dxADOServerModeRS16;dxBarExtDBItemsRS16;dxSkinXmas2008BlueRS16;dxSkinOffice2007BlueRS16;CloudService;dxSkinOffice2007GreenRS16;FmxTeeUI;cxDataRS16;cxBarEditItemRS16;dxSkinMetropolisRS16;dxDockingRS16;dxPSDBTeeChartRS16;cxPageControldxBarPopupMenuRS16;dxPSLnksRS16;dxBarExtItemsRS16;dxPSTeeChartRS16;dxPSdxLCLnkRS16;cxVerticalGridRS16;dxSkinSharpRS16;dxSkinOffice2007BlackRS16;dxorgcRS16;dxSkinBlueprintRS16;dxWizardControlRS16;dxPScxExtCommonRS16;vcldbx;dxNavBarRS16;cxSchedulerTreeBrowserRS16;DBXOdbcDriver;dxdbtrRS16;madDisAsm_;dxSkinFoggyRS16;dxPScxSSLnkRS16;fsBDE16;frxDB16;intrawebdb_120_160;dxSkinDarkSideRS16;dxSkinscxPCPainterRS16;fs16;vclactnband;DbxDevartSQLServerDriver160;FMXTee;dxServerModeRS16;bindcompvcl;dxPScxSchedulerLnkRS16;dxPSdxDBTVLnkRS16;vclie;madExcept_;dxSkinSilverRS16;dclfrxTee16;dsnapcon;dxSkinOffice2013WhiteRS16;dcldxSkinsCoreRS16;dxSkinLilianRS16;vclx;dxSkinValentineRS16;dxFlowChartRS16;frxIBX16;dxGDIPlusRS16;dxSkinSharpPlusRS16;dxdborRS16;dxPScxVGridLnkRS16;dxLayoutControlRS16;nrcommd16;dxCoreRS16;Cadena_D16;cxExportRS16;dxPScxPivotGridLnkRS16;DbxDevartInterBaseDriver160;dxBarRS16;dxSkinsdxNavBarPainterRS16;cxSpreadSheetRS16;dxSkinCoffeeRS16;TeeDB;dxDBXServerModeRS16;cxTreeListdxBarPopupMenuRS16;frxTee16;Rave100VCL;inetdbbde;vclib;dxSkinOffice2013DarkGrayRS16;dxRibbonRS16;DBXSybaseASEDriver;cxTreeListRS16;dxSkinOffice2007SilverRS16;dxSkinsdxRibbonPainterRS16;vcldsnap;dxSkinBlueRS16;DBXDb2Driver;Intraweb_120_160;frxADO16;vclribbon;frxe16;dxSkinDarkRoomRS16;dxSkinscxSchedulerPainterRS16;vcl;dxSkinDevExpressDarkStyleRS16;DBXMSSQLDriver;CodeSiteExpressPkg;fsTee16;cxSchedulerGridRS16;webdsnap;dxSkinTheAsphaltWorldRS16;dxtrmdRS16;dxSkinsdxDLPainterRS16;dxSkinOffice2010BlackRS16;dxSkinMoneyTwinsRS16;dxSkinPumpkinRS16;adortl;madBasic_;dxSkinHighContrastRS16;frxDBX16;dxSkinOffice2013LightGrayRS16;dxSkiniMaginaryRS16;frx16;dxSkinLondonLiquidSkyRS16;dxPSdxDBOCLnkRS16;dxSkinsdxBarPainterRS16;Tee;dxSkinGlassOceansRS16;dxSkinLiquidSkyRS16;dxSkinsCoreRS16;cxPivotGridChartRS16;dxPScxCommonRS16;dxmdsRS16;dxSpellCheckerRS16;dxPSPrVwRibbonRS16;cxGridRS16;cxEditorsRS16;TeeUI;cxPivotGridRS16;dxSkinSevenClassicRS16;cxSchedulerRibbonStyleEventEditorRS16;cxSchedulerRS16;dxSkinOffice2010SilverRS16;vcltouch;websnap;dxSkinOffice2007PinkRS16;VclSmp;dxSkinSpringTimeRS16;dxTabbedMDIRS16;fsDB16;DataSnapConnectors;dxSkinStardustRS16;dxSkinMetropolisDarkRS16;dxPSdxOCLnkRS16;dxSkinOffice2010BlueRS16;dxPSdxFCLnkRS16;dxThemeRS16;dxPScxPCProdRS16;dxSkinCaramelRS16;bdertl;RemObjects_Synapse_D16;dxSkinMcSkinRS16;dxBarDBNavRS16;$(DCC_UsePackage)</DCC_UsePackage>
    </PropertyGroup>
    <PropertyGroup Condition="'$(Base_Win64)'!=''">
        <DCC_UsePackage>dxTileControlRS16;cxLibraryRS16;dxSkinSevenRS16;dxSkinSummer2008RS16;dxPSCoreRS16;cxPivotGridOLAPRS16;dxPScxTLLnkRS16;dxPScxGridLnkRS16;dxPsPrVwAdvRS16;cxPageControlRS16;dxSkinVS2010RS16;vclimg;dxSkinDevExpressStyleRS16;dxSkinWhiteprintRS16;dxComnRS16;vcldb;dxSkinBlackRS16;dxADOServerModeRS16;dxBarExtDBItemsRS16;dxSkinXmas2008BlueRS16;dxSkinOffice2007BlueRS16;dxSkinOffice2007GreenRS16;cxDataRS16;cxBarEditItemRS16;dxSkinMetropolisRS16;dxDockingRS16;dxPSDBTeeChartRS16;cxPageControldxBarPopupMenuRS16;dxPSLnksRS16;dxBarExtItemsRS16;dxPSTeeChartRS16;dxPSdxLCLnkRS16;cxVerticalGridRS16;dxSkinSharpRS16;dxSkinOffice2007BlackRS16;dxorgcRS16;dxSkinBlueprintRS16;dxWizardControlRS16;dxPScxExtCommonRS16;dxNavBarRS16;cxSchedulerTreeBrowserRS16;DBXOdbcDriver;dxdbtrRS16;dxSkinFoggyRS16;dxPScxSSLnkRS16;dxSkinDarkSideRS16;dxSkinscxPCPainterRS16;vclactnband;dxServerModeRS16;bindcompvcl;dxPScxSchedulerLnkRS16;dxPSdxDBTVLnkRS16;vclie;dxSkinSilverRS16;dsnapcon;dxSkinOffice2013WhiteRS16;dcldxSkinsCoreRS16;dxSkinLilianRS16;vclx;dxSkinValentineRS16;dxFlowChartRS16;dxGDIPlusRS16;dxSkinSharpPlusRS16;dxdborRS16;dxPScxVGridLnkRS16;dxLayoutControlRS16;dxCoreRS16;cxExportRS16;dxPScxPivotGridLnkRS16;dxBarRS16;dxSkinsdxNavBarPainterRS16;cxSpreadSheetRS16;dxSkinCoffeeRS16;TeeDB;dxDBXServerModeRS16;cxTreeListdxBarPopupMenuRS16;vclib;dxSkinOffice2013DarkGrayRS16;dxRibbonRS16;DBXSybaseASEDriver;cxTreeListRS16;dxSkinOffice2007SilverRS16;dxSkinsdxRibbonPainterRS16;vcldsnap;dxSkinBlueRS16;DBXDb2Driver;dxSkinDarkRoomRS16;dxSkinscxSchedulerPainterRS16;vcl;dxSkinDevExpressDarkStyleRS16;DBXMSSQLDriver;cxSchedulerGridRS16;webdsnap;dxSkinTheAsphaltWorldRS16;dxtrmdRS16;dxSkinsdxDLPainterRS16;dxSkinOffice2010BlackRS16;dxSkinMoneyTwinsRS16;dxSkinPumpkinRS16;adortl;dxSkinHighContrastRS16;dxSkinOffice2013LightGrayRS16;dxSkiniMaginaryRS16;dxSkinLondonLiquidSkyRS16;dxPSdxDBOCLnkRS16;dxSkinsdxBarPainterRS16;Tee;dxSkinGlassOceansRS16;dxSkinLiquidSkyRS16;dxSkinsCoreRS16;dxPScxCommonRS16;dxmdsRS16;dxSpellCheckerRS16;dxPSPrVwRibbonRS16;cxGridRS16;cxEditorsRS16;TeeUI;cxPivotGridRS16;dxSkinSevenClassicRS16;cxSchedulerRibbonStyleEventEditorRS16;cxSchedulerRS16;dxSkinOffice2010SilverRS16;vcltouch;websnap;dxSkinOffice2007PinkRS16;VclSmp;dxSkinSpringTimeRS16;dxTabbedMDIRS16;DataSnapConnectors;dxSkinStardustRS16;dxSkinMetropolisDarkRS16;dxPSdxOCLnkRS16;dxSkinOffice2010BlueRS16;dxPSdxFCLnkRS16;dxThemeRS16;dxPScxPCProdRS16;dxSkinCaramelRS16;dxSkinMcSkinRS16;dxBarDBNavRS16;$(DCC_UsePackage)</DCC_UsePackage>
    </PropertyGroup>
    <PropertyGroup Condition="'$(Cfg_1)'!=''">
        <DCC_Define>DEBUG;$(DCC_Define)</DCC_Define>
        <DCC_Optimize>false</DCC_Optimize>
        <DCC_GenerateStackFrames>true</DCC_GenerateStackFrames>
        <DCC_DebugInfoInExe>true</DCC_DebugInfoInExe>
        <DCC_RemoteDebug>true</DCC_RemoteDebug>
    </PropertyGroup>
    <PropertyGroup Condition="'$(Cfg_1_Win32)'!=''">
        <DCC_DebugDCUs>true</DCC_DebugDCUs>
        <DCC_TYPEINFO_IMPLICITLY_ADDED>false</DCC_TYPEINFO_IMPLICITLY_ADDED>
        <DCC_IMPLICIT_STRING_CAST_LOSS>false</DCC_IMPLICIT_STRING_CAST_LOSS>
        <DCC_IMPLICIT_STRING_CAST>false</DCC_IMPLICIT_STRING_CAST>
        <VerInfo_Locale>1033</VerInfo_Locale>
        <DCC_RemoteDebug>false</DCC_RemoteDebug>
    </PropertyGroup>
    <PropertyGroup Condition="'$(Cfg_2)'!=''">
        <DCC_LocalDebugSymbols>false</DCC_LocalDebugSymbols>
        <DCC_Define>RELEASE;$(DCC_Define)</DCC_Define>
        <DCC_SymbolReferenceInfo>0</DCC_SymbolReferenceInfo>
        <DCC_DebugInformation>0</DCC_DebugInformation>
    </PropertyGroup>
    <ItemGroup>
        <DelphiCompile Include="$(MainSource)">
            <MainSource>MainSource</MainSource>
        </DelphiCompile>
        <DCCReference Include="ParamManagerTestsData.pas">
            <Form>DmParamManagerTests</Form>
            <DesignClass>TDataModule</DesignClass>
        </DCCReference>
        <DCCReference Include="ReverseCipher.pas"/>
        <DCCReference Include="..\LocalParamItem.pas"/>
        <DCCReference Include="..\CustomDataSetParams.pas"/>
        <DCCReference Include="ParamManagerTests.pas"/>
        <DCCReference Include="..\aurelius\ParamModel.pas"/>
        <DCCReference Include="..\aurelius\AureliusParamItem.pas"/>
        <DCCReference Include="AureliusParamItemTests.pas"/>
        <DCCReference Include="..\ParamManager.pas"/>
        <DCCReference Include="CustomAureliusParamsTests.pas"/>
        <DCCReference Include="..\aurelius\CustomAureliusParams.pas"/>
        <DCCReference Include="ParamManagerThread.pas"/>
        <DCCReference Include="LocalParamItemTests.pas"/>
        <DCCReference Include="DefaultCipherTests.pas"/>
        <None Include="..\README.md"/>
        <BuildConfiguration Include="Release">
            <Key>Cfg_2</Key>
            <CfgParent>Base</CfgParent>
        </BuildConfiguration>
        <BuildConfiguration Include="Base">
            <Key>Base</Key>
        </BuildConfiguration>
        <BuildConfiguration Include="Debug">
            <Key>Cfg_1</Key>
            <CfgParent>Base</CfgParent>
        </BuildConfiguration>
    </ItemGroup>
    <ProjectExtensions>
        <Borland.Personality>Delphi.Personality.12</Borland.Personality>
        <Borland.ProjectType/>
        <BorlandProject>
            <Delphi.Personality>
                <Source>
                    <Source Name="MainSource">Tests.dpr</Source>
                </Source>
                <VersionInfo>
                    <VersionInfo Name="IncludeVerInfo">False</VersionInfo>
                    <VersionInfo Name="AutoIncBuild">False</VersionInfo>
                    <VersionInfo Name="MajorVer">1</VersionInfo>
                    <VersionInfo Name="MinorVer">0</VersionInfo>
                    <VersionInfo Name="Release">0</VersionInfo>
                    <VersionInfo Name="Build">0</VersionInfo>
                    <VersionInfo Name="Debug">False</VersionInfo>
                    <VersionInfo Name="PreRelease">False</VersionInfo>
                    <VersionInfo Name="Special">False</VersionInfo>
                    <VersionInfo Name="Private">False</VersionInfo>
                    <VersionInfo Name="DLL">False</VersionInfo>
                    <VersionInfo Name="Locale">1046</VersionInfo>
                    <VersionInfo Name="CodePage">1252</VersionInfo>
                </VersionInfo>
                <VersionInfoKeys>
                    <VersionInfoKeys Name="CompanyName"/>
                    <VersionInfoKeys Name="FileDescription"/>
                    <VersionInfoKeys Name="FileVersion">1.0.0.0</VersionInfoKeys>
                    <VersionInfoKeys Name="InternalName"/>
                    <VersionInfoKeys Name="LegalCopyright"/>
                    <VersionInfoKeys Name="LegalTrademarks"/>
                    <VersionInfoKeys Name="OriginalFilename"/>
                    <VersionInfoKeys Name="ProductName"/>
                    <VersionInfoKeys Name="ProductVersion">1.0.0.0</VersionInfoKeys>
                    <VersionInfoKeys Name="Comments"/>
                </VersionInfoKeys>
                <Excluded_Packages>
                    <Excluded_Packages Name="$(BDSBIN)\dcloffice2k210.bpl">Microsoft Office 2000 Sample Automation Server Wrapper Components</Excluded_Packages>
                    <Excluded_Packages Name="$(BDSBIN)\dclofficexp210.bpl">Microsoft Office XP Sample Automation Server Wrapper Components</Excluded_Packages>
                </Excluded_Packages>
            </Delphi.Personality>
            <Deployment/>
            <Platforms>
                <Platform value="Win32">True</Platform>
                <Platform value="Win64">False</Platform>
            </Platforms>
        </BorlandProject>
        <ProjectFileVersion>12</ProjectFileVersion>
    </ProjectExtensions>
    <Import Condition="Exists('$(BDS)\Bin\CodeGear.Delphi.Targets')" Project="$(BDS)\Bin\CodeGear.Delphi.Targets"/>
    <Import Condition="Exists('$(APPDATA)\Embarcadero\$(BDSAPPDATABASEDIR)\$(PRODUCTVERSION)\UserTools.proj')" Project="$(APPDATA)\Embarcadero\$(BDSAPPDATABASEDIR)\$(PRODUCTVERSION)\UserTools.proj"/>
</Project>
